
Microsoft Visual Studio Solution File, Format Version 12.00
# Visual Studio Version 17
VisualStudioVersion = 17.6.33723.286
MinimumVisualStudioVersion = 10.0.40219.1
Project("{9A19103F-16F7-4668-BE54-9A1E7A4F7556}") = "OpenAPI", "OpenAPI\OpenAPI.csproj", "{929FB7F0-C724-4C65-A1AB-7E1801BDCF6E}"
EndProject
Project("{2150E333-8FDC-42A3-9474-1A3956D46DE8}") = "Cores", "Cores", "{1E086691-10D6-486F-ABDD-ACBD150135F4}"
EndProject
Project("{2150E333-8FDC-42A3-9474-1A3956D46DE8}") = "Client", "Client", "{C7094C60-5DF8-432B-AB46-B30C5805ABD6}"
EndProject
Project("{2150E333-8FDC-42A3-9474-1A3956D46DE8}") = "Sources", "Sources", "{C4165CF2-8C04-49C9-8D39-FF8D70C2F2E0}"
EndProject
Project("{2150E333-8FDC-42A3-9474-1A3956D46DE8}") = "Tests", "Tests", "{4B2237C2-E489-4EDA-8708-7A16810DE650}"
EndProject
Project("{FAE04EC0-301F-11D3-BF4B-00C04F79EFBC}") = "Infrastructure", "Infrastructure\Infrastructure.csproj", "{E388618B-941D-4AFB-8A8D-BC5F04A220A6}"
EndProject
Project("{FAE04EC0-301F-11D3-BF4B-00C04F79EFBC}") = "Application", "Application\Application.csproj", "{56FEF593-3487-4746-8794-997C025E4C96}"
EndProject
Project("{FAE04EC0-301F-11D3-BF4B-00C04F79EFBC}") = "EFCore", "EFCore\EFCore.csproj", "{E92C9BCE-E8A8-4D50-9037-12B3BCBD4963}"
EndProject
Global
	GlobalSection(SolutionConfigurationPlatforms) = preSolution
		Debug|Any CPU = Debug|Any CPU
		Release|Any CPU = Release|Any CPU
	EndGlobalSection
	GlobalSection(ProjectConfigurationPlatforms) = postSolution
		{929FB7F0-C724-4C65-A1AB-7E1801BDCF6E}.Debug|Any CPU.ActiveCfg = Debug|Any CPU
		{929FB7F0-C724-4C65-A1AB-7E1801BDCF6E}.Debug|Any CPU.Build.0 = Debug|Any CPU
		{929FB7F0-C724-4C65-A1AB-7E1801BDCF6E}.Release|Any CPU.ActiveCfg = Release|Any CPU
		{929FB7F0-C724-4C65-A1AB-7E1801BDCF6E}.Release|Any CPU.Build.0 = Release|Any CPU
		{E388618B-941D-4AFB-8A8D-BC5F04A220A6}.Debug|Any CPU.ActiveCfg = Debug|Any CPU
		{E388618B-941D-4AFB-8A8D-BC5F04A220A6}.Debug|Any CPU.Build.0 = Debug|Any CPU
		{E388618B-941D-4AFB-8A8D-BC5F04A220A6}.Release|Any CPU.ActiveCfg = Release|Any CPU
		{E388618B-941D-4AFB-8A8D-BC5F04A220A6}.Release|Any CPU.Build.0 = Release|Any CPU
		{56FEF593-3487-4746-8794-997C025E4C96}.Debug|Any CPU.ActiveCfg = Debug|Any CPU
		{56FEF593-3487-4746-8794-997C025E4C96}.Debug|Any CPU.Build.0 = Debug|Any CPU
		{56FEF593-3487-4746-8794-997C025E4C96}.Release|Any CPU.ActiveCfg = Release|Any CPU
		{56FEF593-3487-4746-8794-997C025E4C96}.Release|Any CPU.Build.0 = Release|Any CPU
		{E92C9BCE-E8A8-4D50-9037-12B3BCBD4963}.Debug|Any CPU.ActiveCfg = Debug|Any CPU
		{E92C9BCE-E8A8-4D50-9037-12B3BCBD4963}.Debug|Any CPU.Build.0 = Debug|Any CPU
		{E92C9BCE-E8A8-4D50-9037-12B3BCBD4963}.Release|Any CPU.ActiveCfg = Release|Any CPU
		{E92C9BCE-E8A8-4D50-9037-12B3BCBD4963}.Release|Any CPU.Build.0 = Release|Any CPU
	EndGlobalSection
	GlobalSection(SolutionProperties) = preSolution
		HideSolutionNode = FALSE
	EndGlobalSection
	GlobalSection(NestedProjects) = preSolution
		{929FB7F0-C724-4C65-A1AB-7E1801BDCF6E} = {C7094C60-5DF8-432B-AB46-B30C5805ABD6}
		{1E086691-10D6-486F-ABDD-ACBD150135F4} = {C4165CF2-8C04-49C9-8D39-FF8D70C2F2E0}
		{C7094C60-5DF8-432B-AB46-B30C5805ABD6} = {C4165CF2-8C04-49C9-8D39-FF8D70C2F2E0}
		{E388618B-941D-4AFB-8A8D-BC5F04A220A6} = {1E086691-10D6-486F-ABDD-ACBD150135F4}
		{56FEF593-3487-4746-8794-997C025E4C96} = {1E086691-10D6-486F-ABDD-ACBD150135F4}
		{E92C9BCE-E8A8-4D50-9037-12B3BCBD4963} = {1E086691-10D6-486F-ABDD-ACBD150135F4}
	EndGlobalSection
	GlobalSection(ExtensibilityGlobals) = postSolution
		SolutionGuid = {2C21101E-F580-4677-BE6E-F7E62247CC84}
	EndGlobalSection
EndGlobal
